// !$*UTF8*$!
{
	archiveVersion = 1;
	classes = {
	};
	objectVersion = 70;
	objects = {

/* Begin PBXBuildFile section */
		AA0001010000000000000001 /* CalculatorProApp.swift in Sources */ = {isa = PBXBuildFile; fileRef = AA0002010000000000000001 /* CalculatorProApp.swift */; };
		AA0001020000000000000001 /* MainView.swift in Sources */ = {isa = PBXBuildFile; fileRef = AA0002020000000000000001 /* MainView.swift */; };
		AA0001030000000000000001 /* CalculatorButtons.swift in Sources */ = {isa = PBXBuildFile; fileRef = AA0002030000000000000001 /* CalculatorButtons.swift */; };
		AA0001040000000000000001 /* DisplayView.swift in Sources */ = {isa = PBXBuildFile; fileRef = AA0002040000000000000001 /* DisplayView.swift */; };
		AA0001050000000000000001 /* CalculatorPad.swift in Sources */ = {isa = PBXBuildFile; fileRef = AA0002050000000000000001 /* CalculatorPad.swift */; };
		AA0001060000000000000001 /* DisplayShape.swift in Sources */ = {isa = PBXBuildFile; fileRef = AA0002060000000000000001 /* DisplayShape.swift */; };
		AA0001070000000000000001 /* MainViewModel.swift in Sources */ = {isa = PBXBuildFile; fileRef = AA0002070000000000000001 /* MainViewModel.swift */; };
		AA0001080000000000000001 /* DialPad.swift in Sources */ = {isa = PBXBuildFile; fileRef = AA0002080000000000000001 /* DialPad.swift */; };
		AA0001090000000000000001 /* Operation.swift in Sources */ = {isa = PBXBuildFile; fileRef = AA0002090000000000000001 /* Operation.swift */; };
		AA00010A0000000000000001 /* Colors.swift in Sources */ = {isa = PBXBuildFile; fileRef = AA00020A0000000000000001 /* Colors.swift */; };
		AA00010C0000000000000001 /* FoundationExtensions.swift in Sources */ = {isa = PBXBuildFile; fileRef = AA00020C0000000000000001 /* FoundationExtensions.swift */; };
		AA00010D0000000000000001 /* CalculatorState.swift in Sources */ = {isa = PBXBuildFile; fileRef = AA00020D0000000000000001 /* CalculatorState.swift */; };
		AA00010E0000000000000001 /* Fonts/EurostileExtendedBlack.ttf in Resources */ = {isa = PBXBuildFile; fileRef = AA00020E0000000000000001 /* Fonts/EurostileExtendedBlack.ttf */; };
		AA0001100000000000000001 /* ButtonHandlers.swift in Sources */ = {isa = PBXBuildFile; fileRef = AA0002100000000000000001 /* ButtonHandlers.swift */; };
		AA0001110000000000000001 /* Assets.xcassets in Resources */ = {isa = PBXBuildFile; fileRef = AA0003010000000000000001 /* Assets.xcassets */; };
		AA0001120000000000000001 /* PrivacyInfo.xcprivacy in Resources */ = {isa = PBXBuildFile; fileRef = AA0002110000000000000001 /* PrivacyInfo.xcprivacy */; };
		AA0001140000000000000001 /* AppUpdateManager.swift in Sources */ = {isa = PBXBuildFile; fileRef = AA0002130000000000000001 /* AppUpdateManager.swift */; };
		AA0001150000000000000001 /* AppReviewManager.swift in Sources */ = {isa = PBXBuildFile; fileRef = AA0002140000000000000001 /* AppReviewManager.swift */; };
		AA3001010000000000000001 /* FinancialAssumptions.swift in Sources */ = {isa = PBXBuildFile; fileRef = AA3002010000000000000001 /* FinancialAssumptions.swift */; };
		AA3001020000000000000001 /* FinancialPlanningEngine.swift in Sources */ = {isa = PBXBuildFile; fileRef = AA3002020000000000000001 /* FinancialPlanningEngine.swift */; };
		AA3001030000000000000001 /* FinancialPlanningViewModel.swift in Sources */ = {isa = PBXBuildFile; fileRef = AA3002030000000000000001 /* FinancialPlanningViewModel.swift */; };
		AA3001040000000000000001 /* FinancialPlanningView.swift in Sources */ = {isa = PBXBuildFile; fileRef = AA3002040000000000000001 /* FinancialPlanningView.swift */; };
		AA4001010000000000000001 /* ToolsMenuView.swift in Sources */ = {isa = PBXBuildFile; fileRef = AA4002010000000000000001 /* ToolsMenuView.swift */; };
		AA1001010000000000000001 /* CalculatorTests.swift in Sources */ = {isa = PBXBuildFile; fileRef = AA1002010000000000000001 /* CalculatorTests.swift */; };
		AA1001020000000000000001 /* FinancialPlanningTests.swift in Sources */ = {isa = PBXBuildFile; fileRef = AA1002020000000000000001 /* FinancialPlanningTests.swift */; };
		AA2001010000000000000001 /* CalculatorProUITests.swift in Sources */ = {isa = PBXBuildFile; fileRef = AA2002010000000000000001 /* CalculatorProUITests.swift */; };
/* End PBXBuildFile section */

/* Begin PBXContainerItemProxy section */
		AA1000100000000000000001 /* PBXContainerItemProxy */ = {
			isa = PBXContainerItemProxy;
			containerPortal = AA0000600000000000000001 /* Project object */;
			proxyType = 1;
			remoteGlobalIDString = AA0000500000000000000001;
			remoteInfo = CalculatorPro;
		};
		AA2000100000000000000001 /* PBXContainerItemProxy */ = {
			isa = PBXContainerItemProxy;
			containerPortal = AA0000600000000000000001 /* Project object */;
			proxyType = 1;
			remoteGlobalIDString = AA0000500000000000000001;
			remoteInfo = CalculatorPro;
		};
/* End PBXContainerItemProxy section */

/* Begin PBXFileReference section */
		AA0000000000000000000001 /* CalculatorPro.app */ = {isa = PBXFileReference; explicitFileType = wrapper.application; includeInIndex = 0; path = CalculatorPro.app; sourceTree = BUILT_PRODUCTS_DIR; };
		AA0002010000000000000001 /* CalculatorProApp.swift */ = {isa = PBXFileReference; lastKnownFileType = sourcecode.swift; path = CalculatorProApp.swift; sourceTree = "<group>"; };
		AA0002020000000000000001 /* MainView.swift */ = {isa = PBXFileReference; lastKnownFileType = sourcecode.swift; path = MainView.swift; sourceTree = "<group>"; };
		AA0002030000000000000001 /* CalculatorButtons.swift */ = {isa = PBXFileReference; lastKnownFileType = sourcecode.swift; path = CalculatorButtons.swift; sourceTree = "<group>"; };
		AA0002040000000000000001 /* DisplayView.swift */ = {isa = PBXFileReference; lastKnownFileType = sourcecode.swift; path = DisplayView.swift; sourceTree = "<group>"; };
		AA0002050000000000000001 /* CalculatorPad.swift */ = {isa = PBXFileReference; lastKnownFileType = sourcecode.swift; path = CalculatorPad.swift; sourceTree = "<group>"; };
		AA0002060000000000000001 /* DisplayShape.swift */ = {isa = PBXFileReference; lastKnownFileType = sourcecode.swift; path = DisplayShape.swift; sourceTree = "<group>"; };
		AA0002070000000000000001 /* MainViewModel.swift */ = {isa = PBXFileReference; lastKnownFileType = sourcecode.swift; path = MainViewModel.swift; sourceTree = "<group>"; };
		AA0002080000000000000001 /* DialPad.swift */ = {isa = PBXFileReference; lastKnownFileType = sourcecode.swift; path = DialPad.swift; sourceTree = "<group>"; };
		AA0002090000000000000001 /* Operation.swift */ = {isa = PBXFileReference; lastKnownFileType = sourcecode.swift; path = Operation.swift; sourceTree = "<group>"; };
		AA00020A0000000000000001 /* Colors.swift */ = {isa = PBXFileReference; lastKnownFileType = sourcecode.swift; path = Colors.swift; sourceTree = "<group>"; };
		AA00020C0000000000000001 /* FoundationExtensions.swift */ = {isa = PBXFileReference; lastKnownFileType = sourcecode.swift; path = FoundationExtensions.swift; sourceTree = "<group>"; };
		AA00020D0000000000000001 /* CalculatorState.swift */ = {isa = PBXFileReference; lastKnownFileType = sourcecode.swift; path = CalculatorState.swift; sourceTree = "<group>"; };
		AA00020E0000000000000001 /* Fonts/EurostileExtendedBlack.ttf */ = {isa = PBXFileReference; lastKnownFileType = file; path = Fonts/EurostileExtendedBlack.ttf; sourceTree = "<group>"; };
		AA0002100000000000000001 /* ButtonHandlers.swift */ = {isa = PBXFileReference; lastKnownFileType = sourcecode.swift; path = ButtonHandlers.swift; sourceTree = "<group>"; };
		AA0002110000000000000001 /* PrivacyInfo.xcprivacy */ = {isa = PBXFileReference; lastKnownFileType = text.xml; path = PrivacyInfo.xcprivacy; sourceTree = "<group>"; };
		AA0002130000000000000001 /* AppUpdateManager.swift */ = {isa = PBXFileReference; lastKnownFileType = sourcecode.swift; path = AppUpdateManager.swift; sourceTree = "<group>"; };
		AA0002140000000000000001 /* AppReviewManager.swift */ = {isa = PBXFileReference; lastKnownFileType = sourcecode.swift; path = AppReviewManager.swift; sourceTree = "<group>"; };
		AA3002010000000000000001 /* FinancialAssumptions.swift */ = {isa = PBXFileReference; lastKnownFileType = sourcecode.swift; path = FinancialAssumptions.swift; sourceTree = "<group>"; };
		AA3002020000000000000001 /* FinancialPlanningEngine.swift */ = {isa = PBXFileReference; lastKnownFileType = sourcecode.swift; path = FinancialPlanningEngine.swift; sourceTree = "<group>"; };
		AA3002030000000000000001 /* FinancialPlanningViewModel.swift */ = {isa = PBXFileReference; lastKnownFileType = sourcecode.swift; path = FinancialPlanningViewModel.swift; sourceTree = "<group>"; };
		AA3002040000000000000001 /* FinancialPlanningView.swift */ = {isa = PBXFileReference; lastKnownFileType = sourcecode.swift; path = FinancialPlanningView.swift; sourceTree = "<group>"; };
		AA4002010000000000000001 /* ToolsMenuView.swift */ = {isa = PBXFileReference; lastKnownFileType = sourcecode.swift; path = ToolsMenuView.swift; sourceTree = "<group>"; };
		AA0003010000000000000001 /* Assets.xcassets */ = {isa = PBXFileReference; lastKnownFileType = folder.assetcatalog; path = Assets.xcassets; sourceTree = "<group>"; };
		AA1000000000000000000001 /* CalculatorProTests.xctest */ = {isa = PBXFileReference; explicitFileType = wrapper.cfbundle; includeInIndex = 0; path = CalculatorProTests.xctest; sourceTree = BUILT_PRODUCTS_DIR; };
		AA1002010000000000000001 /* CalculatorTests.swift */ = {isa = PBXFileReference; lastKnownFileType = sourcecode.swift; path = CalculatorTests.swift; sourceTree = "<group>"; };
		AA1002020000000000000001 /* FinancialPlanningTests.swift */ = {isa = PBXFileReference; lastKnownFileType = sourcecode.swift; path = FinancialPlanningTests.swift; sourceTree = "<group>"; };
		AA2000000000000000000001 /* CalculatorProUITests.xctest */ = {isa = PBXFileReference; explicitFileType = wrapper.cfbundle; includeInIndex = 0; path = CalculatorProUITests.xctest; sourceTree = BUILT_PRODUCTS_DIR; };
		AA2002010000000000000001 /* CalculatorProUITests.swift */ = {isa = PBXFileReference; lastKnownFileType = sourcecode.swift; path = CalculatorProUITests.swift; sourceTree = "<group>"; };
/* End PBXFileReference section */

/* Begin PBXFrameworksBuildPhase section */
		AA0000200000000000000001 /* Frameworks */ = {
			isa = PBXFrameworksBuildPhase;
			buildActionMask = 2147483647;
			files = (
			);
			runOnlyForDeploymentPostprocessing = 0;
		};
		AA1000200000000000000001 /* Frameworks */ = {
			isa = PBXFrameworksBuildPhase;
			buildActionMask = 2147483647;
			files = (
			);
			runOnlyForDeploymentPostprocessing = 0;
		};
		AA2000200000000000000001 /* Frameworks */ = {
			isa = PBXFrameworksBuildPhase;
			buildActionMask = 2147483647;
			files = (
			);
			runOnlyForDeploymentPostprocessing = 0;
		};
/* End PBXFrameworksBuildPhase section */

/* Begin PBXGroup section */
		AA0000300000000000000001 = {
			isa = PBXGroup;
			children = (
				AA0000400000000000000001 /* CalculatorPro */,
				AA1000400000000000000001 /* CalculatorProTests */,
				AA2000400000000000000001 /* CalculatorProUITests */,
				AA0000310000000000000001 /* Products */,
			);
			sourceTree = "<group>";
		};
		AA0000310000000000000001 /* Products */ = {
			isa = PBXGroup;
			children = (
				AA0000000000000000000001 /* CalculatorPro.app */,
				AA1000000000000000000001 /* CalculatorProTests.xctest */,
				AA2000000000000000000001 /* CalculatorProUITests.xctest */,
			);
			name = Products;
			sourceTree = "<group>";
		};
		AA0000400000000000000001 /* CalculatorPro */ = {
			isa = PBXGroup;
			children = (
				AA0003010000000000000001 /* Assets.xcassets */,
				AA0004010000000000000001 /* Features */,
				AA0004020000000000000001 /* Common */,
				AA0004030000000000000001 /* Resources */,
			);
			path = CalculatorPro;
			sourceTree = "<group>";
		};
		AA0004010000000000000001 /* Features */ = {
			isa = PBXGroup;
			children = (
				AA0004050000000000000001 /* Main */,
				AA3004050000000000000001 /* FinancialPlanning */,
				AA4004050000000000000001 /* Tools */,
			);
			path = Features;
			sourceTree = "<group>";
		};
		AA0004020000000000000001 /* Common */ = {
			isa = PBXGroup;
			children = (
				AA0004060000000000000001 /* Utils */,
				AA0004070000000000000001 /* Extensions */,
				AA0004080000000000000001 /* Controllers */,
			);
			path = Common;
			sourceTree = "<group>";
		};
		AA0004030000000000000001 /* Resources */ = {
			isa = PBXGroup;
			children = (
				AA0002110000000000000001 /* PrivacyInfo.xcprivacy */,
				AA00020E0000000000000001 /* Fonts/EurostileExtendedBlack.ttf */,
			);
			path = Resources;
			sourceTree = "<group>";
		};
		AA0004050000000000000001 /* Main */ = {
			isa = PBXGroup;
			children = (
				AA0004090000000000000001 /* Models */,
				AA00040A0000000000000001 /* ViewModels */,
				AA00040B0000000000000001 /* Views */,
			);
			path = Main;
			sourceTree = "<group>";
		};
		AA0004060000000000000001 /* Utils */ = {
			isa = PBXGroup;
			children = (
				AA00020A0000000000000001 /* Colors.swift */,
			);
			path = Utils;
			sourceTree = "<group>";
		};
		AA0004070000000000000001 /* Extensions */ = {
			isa = PBXGroup;
			children = (
				AA00020C0000000000000001 /* FoundationExtensions.swift */,
			);
			path = Extensions;
			sourceTree = "<group>";
		};
		AA0004080000000000000001 /* Controllers */ = {
			isa = PBXGroup;
			children = (
				AA0002010000000000000001 /* CalculatorProApp.swift */,
				AA0002130000000000000001 /* AppUpdateManager.swift */,
				AA0002140000000000000001 /* AppReviewManager.swift */,
			);
			path = Controllers;
			sourceTree = "<group>";
		};
		AA0004090000000000000001 /* Models */ = {
			isa = PBXGroup;
			children = (
				AA0002080000000000000001 /* DialPad.swift */,
				AA0002090000000000000001 /* Operation.swift */,
				AA00020D0000000000000001 /* CalculatorState.swift */,
			);
			path = Models;
			sourceTree = "<group>";
		};
		AA00040A0000000000000001 /* ViewModels */ = {
			isa = PBXGroup;
			children = (
				AA0002070000000000000001 /* MainViewModel.swift */,
				AA0002100000000000000001 /* ButtonHandlers.swift */,
			);
			path = ViewModels;
			sourceTree = "<group>";
		};
		AA00040B0000000000000001 /* Views */ = {
			isa = PBXGroup;
			children = (
				AA0002020000000000000001 /* MainView.swift */,
				AA0002030000000000000001 /* CalculatorButtons.swift */,
				AA00040C0000000000000001 /* Support Views */,
				AA00040D0000000000000001 /* Support Shapes */,
			);
			path = Views;
			sourceTree = "<group>";
		};
		AA00040C0000000000000001 /* Support Views */ = {
			isa = PBXGroup;
			children = (
				AA0002040000000000000001 /* DisplayView.swift */,
				AA0002050000000000000001 /* CalculatorPad.swift */,
			);
			path = "Support Views";
			sourceTree = "<group>";
		};
		AA00040D0000000000000001 /* Support Shapes */ = {
			isa = PBXGroup;
			children = (
				AA0002060000000000000001 /* DisplayShape.swift */,
			);
			path = "Support Shapes";
			sourceTree = "<group>";
		};
		AA3004050000000000000001 /* FinancialPlanning */ = {
			isa = PBXGroup;
			children = (
				AA3004090000000000000001 /* Models */,
				AA30040A0000000000000001 /* ViewModels */,
				AA30040B0000000000000001 /* Views */,
			);
			path = FinancialPlanning;
			sourceTree = "<group>";
		};
		AA3004090000000000000001 /* Models */ = {
			isa = PBXGroup;
			children = (
				AA3002010000000000000001 /* FinancialAssumptions.swift */,
				AA3002020000000000000001 /* FinancialPlanningEngine.swift */,
			);
			path = Models;
			sourceTree = "<group>";
		};
		AA30040A0000000000000001 /* ViewModels */ = {
			isa = PBXGroup;
			children = (
				AA3002030000000000000001 /* FinancialPlanningViewModel.swift */,
			);
			path = ViewModels;
			sourceTree = "<group>";
		};
		AA30040B0000000000000001 /* Views */ = {
			isa = PBXGroup;
			children = (
				AA3002040000000000000001 /* FinancialPlanningView.swift */,
			);
			path = Views;
			sourceTree = "<group>";
		};
		AA4004050000000000000001 /* Tools */ = {
			isa = PBXGroup;
			children = (
				AA40040B0000000000000001 /* Views */,
			);
			path = Tools;
			sourceTree = "<group>";
		};
		AA40040B0000000000000001 /* Views */ = {
			isa = PBXGroup;
			children = (
				AA4002010000000000000001 /* ToolsMenuView.swift */,
			);
			path = Views;
			sourceTree = "<group>";
		};
		AA1000400000000000000001 /* CalculatorProTests */ = {
			isa = PBXGroup;
			children = (
				AA1002010000000000000001 /* CalculatorTests.swift */,
				AA1002020000000000000001 /* FinancialPlanningTests.swift */,
			);
			path = CalculatorProTests;
			sourceTree = "<group>";
		};
		AA2000400000000000000001 /* CalculatorProUITests */ = {
			isa = PBXGroup;
			children = (
				AA2002010000000000000001 /* CalculatorProUITests.swift */,
			);
			path = CalculatorProUITests;
			sourceTree = "<group>";
		};
/* End PBXGroup section */

/* Begin PBXNativeTarget section */
		AA0000500000000000000001 /* CalculatorPro */ = {
			isa = PBXNativeTarget;
			buildConfigurationList = AA0000510000000000000001 /* Build configuration list for PBXNativeTarget "CalculatorPro" */;
			buildPhases = (
				AA0000520000000000000001 /* Sources */,
				AA0000200000000000000001 /* Frameworks */,
				AA0000530000000000000001 /* Resources */,
			);
			buildRules = (
			);
			dependencies = (
			);
			name = CalculatorPro;
			packageProductDependencies = (
			);
			productName = CalculatorPro;
			productReference = AA0000000000000000000001 /* CalculatorPro.app */;
			productType = "com.apple.product-type.application";
		};
		AA1000500000000000000001 /* CalculatorProTests */ = {
			isa = PBXNativeTarget;
			buildConfigurationList = AA1000510000000000000001 /* Build configuration list for PBXNativeTarget "CalculatorProTests" */;
			buildPhases = (
				AA1000520000000000000001 /* Sources */,
				AA1000200000000000001 /* Frameworks */,
				AA1000530000000000000001 /* Resources */,
			);
			buildRules = (
			);
			dependencies = (
				AA1000120000000000000001 /* PBXTargetDependency */,
			);
			name = CalculatorProTests;
			packageProductDependencies = (
			);
			productName = CalculatorProTests;
			productReference = AA1000000000000000000001 /* CalculatorProTests.xctest */;
			productType = "com.apple.product-type.bundle.unit-test";
		};
		AA2000500000000000000001 /* CalculatorProUITests */ = {
			isa = PBXNativeTarget;
			buildConfigurationList = AA2000510000000000000001 /* Build configuration list for PBXNativeTarget "CalculatorProUITests" */;
			buildPhases = (
				AA2000520000000000000001 /* Sources */,
				AA2000200000000000000001 /* Frameworks */,
				AA2000530000000000000001 /* Resources */,
			);
			buildRules = (
			);
			dependencies = (
				AA2000120000000000000001 /* PBXTargetDependency */,
			);
			name = CalculatorProUITests;
			packageProductDependencies = (
			);
			productName = CalculatorProUITests;
			productReference = AA2000000000000000000001 /* CalculatorProUITests.xctest */;
			productType = "com.apple.product-type.bundle.ui-testing";
		};
/* End PBXNativeTarget section */

/* Begin PBXProject section */
		AA0000600000000000000001 /* Project object */ = {
			isa = PBXProject;
			attributes = {
				BuildIndependentTargetsInParallel = 1;
				LastSwiftUpdateCheck = 1600;
				LastUpgradeCheck = 2640;
				TargetAttributes = {
					AA0000500000000000000001 = {
						CreatedOnToolsVersion = 16.0;
					};
					AA1000500000000000000001 = {
						CreatedOnToolsVersion = 26.6;
						TestTargetID = AA0000500000000000000001;
					};
					AA2000500000000000000001 = {
						CreatedOnToolsVersion = 26.6;
						TestTargetID = AA0000500000000000000001;
					};
				};
			};
			buildConfigurationList = AA0000610000000000000001 /* Build configuration list for PBXProject "CalculatorPro" */;
			compatibilityVersion = "Xcode 16.0.Superseded.1";
			developmentRegion = "zh-Hans";
			hasScannedForEncodings = 0;
			knownRegions = (
				"zh-Hans",
				Base,
			);
			mainGroup = AA0000300000000000000001;
			minimizedProjectReferenceProxies = 1;
			productRefGroup = AA0000310000000000000001 /* Products */;
			projectDirPath = "";
			projectRoot = "";
			targets = (
				AA0000500000000000000001 /* CalculatorPro */,
				AA1000500000000000000001 /* CalculatorProTests */,
				AA2000500000000000000001 /* CalculatorProUITests */,
			);
		};
/* End PBXProject section */

/* Begin PBXResourcesBuildPhase section */
		AA0000530000000000000001 /* Resources */ = {
			isa = PBXResourcesBuildPhase;
			buildActionMask = 2147483647;
			files = (
				AA0001120000000000000001 /* PrivacyInfo.xcprivacy in Resources */,
				AA00010E0000000000000001 /* Fonts/EurostileExtendedBlack.ttf in Resources */,
				AA0001110000000000000001 /* Assets.xcassets in Resources */,
			);
			runOnlyForDeploymentPostprocessing = 0;
		};
		AA1000530000000000000001 /* Resources */ = {
			isa = PBXResourcesBuildPhase;
			buildActionMask = 2147483647;
			files = (
			);
			runOnlyForDeploymentPostprocessing = 0;
		};
		AA2000530000000000000001 /* Resources */ = {
			isa = PBXResourcesBuildPhase;
			buildActionMask = 2147483647;
			files = (
			);
			runOnlyForDeploymentPostprocessing = 0;
		};
/* End PBXResourcesBuildPhase section */

/* Begin PBXSourcesBuildPhase section */
		AA0000520000000000000001 /* Sources */ = {
			isa = PBXSourcesBuildPhase;
			buildActionMask = 2147483647;
			files = (
				AA0001010000000000000001 /* CalculatorProApp.swift in Sources */,
				AA0001140000000000000001 /* AppUpdateManager.swift in Sources */,
				AA0001150000000000000001 /* AppReviewManager.swift in Sources */,
				AA3001010000000000000001 /* FinancialAssumptions.swift in Sources */,
				AA3001020000000000000001 /* FinancialPlanningEngine.swift in Sources */,
				AA3001030000000000000001 /* FinancialPlanningViewModel.swift in Sources */,
				AA3001040000000000000001 /* FinancialPlanningView.swift in Sources */,
				AA4001010000000000000001 /* ToolsMenuView.swift in Sources */,
				AA0001020000000000000001 /* MainView.swift in Sources */,
				AA0001030000000000000001 /* CalculatorButtons.swift in Sources */,
				AA0001040000000000000001 /* DisplayView.swift in Sources */,
				AA0001050000000000000001 /* CalculatorPad.swift in Sources */,
				AA0001060000000000000001 /* DisplayShape.swift in Sources */,
				AA0001070000000000000001 /* MainViewModel.swift in Sources */,
				AA0001100000000000000001 /* ButtonHandlers.swift in Sources */,
				AA0001080000000000000001 /* DialPad.swift in Sources */,
				AA0001090000000000000001 /* Operation.swift in Sources */,
				AA00010D0000000000000001 /* CalculatorState.swift in Sources */,
				AA00010A0000000000000001 /* Colors.swift in Sources */,
				AA00010C0000000000000001 /* FoundationExtensions.swift in Sources */,
			);
			runOnlyForDeploymentPostprocessing = 0;
		};
		AA1000520000000000000001 /* Sources */ = {
			isa = PBXSourcesBuildPhase;
			buildActionMask = 2147483647;
			files = (
				AA1001010000000000000001 /* CalculatorTests.swift in Sources */,
				AA1001020000000000000001 /* FinancialPlanningTests.swift in Sources */,
			);
			runOnlyForDeploymentPostprocessing = 0;
		};
		AA2000520000000000000001 /* Sources */ = {
			isa = PBXSourcesBuildPhase;
			buildActionMask = 2147483647;
			files = (
				AA2001010000000000000001 /* CalculatorProUITests.swift in Sources */,
			);
			runOnlyForDeploymentPostprocessing = 0;
		};
/* End PBXSourcesBuildPhase section */

/* Begin PBXTargetDependency section */
		AA1000120000000000000001 /* PBXTargetDependency */ = {
			isa = PBXTargetDependency;
			target = AA0000500000000000000001 /* CalculatorPro */;
			targetProxy = AA1000100000000000000001 /* PBXContainerItemProxy */;
		};
		AA2000120000000000000001 /* PBXTargetDependency */ = {
			isa = PBXTargetDependency;
			target = AA0000500000000000000001 /* CalculatorPro */;
			targetProxy = AA2000100000000000000001 /* PBXContainerItemProxy */;
		};
/* End PBXTargetDependency section */

/* Begin XCBuildConfiguration section */
		AA0000700000000000000001 /* Debug */ = {
			isa = XCBuildConfiguration;
			buildSettings = {
				ALWAYS_SEARCH_USER_PATHS = NO;
				ASSETCATALOG_COMPILER_GENERATE_SWIFT_ASSET_SYMBOL_EXTENSIONS = YES;
				CLANG_ANALYZER_NONNULL = YES;
				CLANG_CXX_LANGUAGE_STANDARD = "gnu++20";
				CLANG_ENABLE_MODULES = YES;
				CLANG_ENABLE_OBJC_ARC = YES;
				CLANG_ENABLE_OBJC_WEAK = YES;
				CLANG_WARN_BLOCK_CAPTURE_AUTORELEASING = YES;
				CLANG_WARN_BOOL_CONVERSION = YES;
				CLANG_WARN_COMMA = YES;
				CLANG_WARN_CONSTANT_CONVERSION = YES;
				CLANG_WARN_DEPRECATED_OBJC_IMPLEMENTATIONS = YES;
				CLANG_WARN_DIRECT_OBJC_ISA_USAGE = YES_ERROR;
				CLANG_WARN_DOCUMENTATION_COMMENTS = YES;
				CLANG_WARN_EMPTY_BODY = YES;
				CLANG_WARN_ENUM_CONVERSION = YES;
				CLANG_WARN_INFINITE_RECURSION = YES;
				CLANG_WARN_INT_CONVERSION = YES;
				CLANG_WARN_NON_LITERAL_NULL_CONVERSION = YES;
				CLANG_WARN_OBJC_IMPLICIT_RETAIN_SELF = YES;
				CLANG_WARN_OBJC_LITERAL_CONVERSION = YES;
				CLANG_WARN_OBJC_ROOT_CLASS = YES_ERROR;
				CLANG_WARN_QUOTED_INCLUDE_IN_FRAMEWORK_HEADER = YES;
				CLANG_WARN_RANGE_LOOP_ANALYSIS = YES;
				CLANG_WARN_STRICT_PROTOTYPES = YES;
				CLANG_WARN_SUSPICIOUS_MOVE = YES;
				CLANG_WARN_UNGUARDED_AVAILABILITY = YES_AGGRESSIVE;
				CLANG_WARN_UNREACHABLE_CODE = YES;
				CLANG_WARN__DUPLICATE_METHOD_MATCH = YES;
				CODE_SIGN_IDENTITY = "Apple Development: yong zhang (A2Z9975YAK)";
				COPY_PHASE_STRIP = NO;
				DEBUG_INFORMATION_FORMAT = dwarf;
				ENABLE_STRICT_OBJC_MSGSEND = YES;
				ENABLE_TESTABILITY = YES;
				ENABLE_USER_SCRIPT_SANDBOXING = YES;
				GCC_C_LANGUAGE_STANDARD = gnu17;
				GCC_DYNAMIC_NO_PIC = NO;
				GCC_NO_COMMON_BLOCKS = YES;
				GCC_OPTIMIZATION_LEVEL = 0;
				GCC_PREPROCESSOR_DEFINITIONS = (
					"DEBUG=1",
					"$(inherited)",
				);
				GCC_WARN_64_TO_32_BIT_CONVERSION = YES;
				GCC_WARN_ABOUT_RETURN_TYPE = YES_ERROR;
				GCC_WARN_UNDECLARED_SELECTOR = YES;
				GCC_WARN_UNINITIALIZED_AUTOS = YES_AGGRESSIVE;
				GCC_WARN_UNUSED_FUNCTION = YES;
				GCC_WARN_UNUSED_VARIABLE = YES;
				IPHONEOS_DEPLOYMENT_TARGET = 16.0;
				LOCALIZATION_PREFERS_STRING_CATALOGS = YES;
				MTL_ENABLE_DEBUG_INFO = INCLUDE_SOURCE;
				MTL_FAST_MATH = YES;
				ONLY_ACTIVE_ARCH = YES;
				SDKROOT = iphoneos;
				STRING_CATALOG_GENERATE_SYMBOLS = YES;
				SWIFT_ACTIVE_COMPILATION_CONDITIONS = "DEBUG $(inherited)";
				SWIFT_OPTIMIZATION_LEVEL = "-Onone";
			};
			name = Debug;
		};
		AA0000710000000000000001 /* Release */ = {
			isa = XCBuildConfiguration;
			buildSettings = {
				ALWAYS_SEARCH_USER_PATHS = NO;
				ASSETCATALOG_COMPILER_GENERATE_SWIFT_ASSET_SYMBOL_EXTENSIONS = YES;
				CLANG_ANALYZER_NONNULL = YES;
				CLANG_CXX_LANGUAGE_STANDARD = "gnu++20";
				CLANG_ENABLE_MODULES = YES;
				CLANG_ENABLE_OBJC_ARC = YES;
				CLANG_ENABLE_OBJC_WEAK = YES;
				CLANG_WARN_BLOCK_CAPTURE_AUTORELEASING = YES;
				CLANG_WARN_BOOL_CONVERSION = YES;
				CLANG_WARN_COMMA = YES;
				CLANG_WARN_CONSTANT_CONVERSION = YES;
				CLANG_WARN_DEPRECATED_OBJC_IMPLEMENTATIONS = YES;
				CLANG_WARN_DIRECT_OBJC_ISA_USAGE = YES_ERROR;
				CLANG_WARN_DOCUMENTATION_COMMENTS = YES;
				CLANG_WARN_EMPTY_BODY = YES;
				CLANG_WARN_ENUM_CONVERSION = YES;
				CLANG_WARN_INFINITE_RECURSION = YES;
				CLANG_WARN_INT_CONVERSION = YES;
				CLANG_WARN_NON_LITERAL_NULL_CONVERSION = YES;
				CLANG_WARN_OBJC_IMPLICIT_RETAIN_SELF = YES;
				CLANG_WARN_OBJC_LITERAL_CONVERSION = YES;
				CLANG_WARN_OBJC_ROOT_CLASS = YES_ERROR;
				CLANG_WARN_QUOTED_INCLUDE_IN_FRAMEWORK_HEADER = YES;
				CLANG_WARN_RANGE_LOOP_ANALYSIS = YES;
				CLANG_WARN_STRICT_PROTOTYPES = YES;
				CLANG_WARN_SUSPICIOUS_MOVE = YES;
				CLANG_WARN_UNGUARDED_AVAILABILITY = YES_AGGRESSIVE;
				CLANG_WARN_UNREACHABLE_CODE = YES;
				CLANG_WARN__DUPLICATE_METHOD_MATCH = YES;
				CODE_SIGN_IDENTITY = "Apple Development: yong zhang (A2Z9975YAK)";
				COPY_PHASE_STRIP = NO;
				DEBUG_INFORMATION_FORMAT = "dwarf-with-dsym";
				ENABLE_NS_ASSERTIONS = NO;
				ENABLE_STRICT_OBJC_MSGSEND = YES;
				ENABLE_USER_SCRIPT_SANDBOXING = YES;
				GCC_C_LANGUAGE_STANDARD = gnu17;
				GCC_NO_COMMON_BLOCKS = YES;
				GCC_WARN_64_TO_32_BIT_CONVERSION = YES;
				GCC_WARN_ABOUT_RETURN_TYPE = YES_ERROR;
				GCC_WARN_UNDECLARED_SELECTOR = YES;
				GCC_WARN_UNINITIALIZED_AUTOS = YES_AGGRESSIVE;
				GCC_WARN_UNUSED_FUNCTION = YES;
				GCC_WARN_UNUSED_VARIABLE = YES;
				IPHONEOS_DEPLOYMENT_TARGET = 16.0;
				LOCALIZATION_PREFERS_STRING_CATALOGS = YES;
				MTL_ENABLE_DEBUG_INFO = NO;
				MTL_FAST_MATH = YES;
				SDKROOT = iphoneos;
				STRING_CATALOG_GENERATE_SYMBOLS = YES;
				SWIFT_COMPILATION_MODE = wholemodule;
				VALIDATE_PRODUCT = YES;
			};
			name = Release;
		};
		AA0000800000000000000001 /* Debug */ = {
			isa = XCBuildConfiguration;
			buildSettings = {
				ASSETCATALOG_COMPILER_APPICON_NAME = AppIcon;
				ASSETCATALOG_COMPILER_GLOBAL_ACCENT_COLOR_NAME = AccentColor;
				ASSETCATALOG_COMPILER_INCLUDE_ALL_APPICON_ASSETS = NO;
				CODE_SIGN_IDENTITY = "Apple Development";
				CODE_SIGN_STYLE = Automatic;
				CURRENT_PROJECT_VERSION = 7292102;
				DEVELOPMENT_TEAM = 5G746VG79C;
				ENABLE_PREVIEWS = YES;
				GENERATE_INFOPLIST_FILE = NO;
				INFOPLIST_FILE = CalculatorPro/Resources/Info.plist;
				IPHONEOS_DEPLOYMENT_TARGET = 16.0;
				LD_RUNPATH_SEARCH_PATHS = (
					"$(inherited)",
					"@executable_path/Frameworks",
				);
				MARKETING_VERSION = 1.0.0;
				PRODUCT_BUNDLE_IDENTIFIER = com.chdtyzhy.calculatorPro.pro;
				PRODUCT_NAME = "$(TARGET_NAME)";
				PROVISIONING_PROFILE_SPECIFIER = "";
				SUPPORTED_PLATFORMS = "iphoneos iphonesimulator";
				SUPPORTS_MACCATALYST = NO;
				SUPPORTS_MAC_DESIGNED_FOR_IPHONE_IPAD = NO;
				SUPPORTS_XR_DESIGNED_FOR_IPHONE_IPAD = NO;
				SWIFT_EMIT_LOC_STRINGS = YES;
				SWIFT_VERSION = 5.0;
				TARGETED_DEVICE_FAMILY = 1;
			};
			name = Debug;
		};
		AA0000810000000000000001 /* Release */ = {
			isa = XCBuildConfiguration;
			buildSettings = {
				ASSETCATALOG_COMPILER_APPICON_NAME = AppIcon;
				ASSETCATALOG_COMPILER_GLOBAL_ACCENT_COLOR_NAME = AccentColor;
				ASSETCATALOG_COMPILER_INCLUDE_ALL_APPICON_ASSETS = NO;
				CODE_SIGN_IDENTITY = "Apple Development";
				CODE_SIGN_STYLE = Automatic;
				CURRENT_PROJECT_VERSION = 7292102;
				DEVELOPMENT_TEAM = 5G746VG79C;
				ENABLE_PREVIEWS = YES;
				GENERATE_INFOPLIST_FILE = NO;
				INFOPLIST_FILE = CalculatorPro/Resources/Info.plist;
				IPHONEOS_DEPLOYMENT_TARGET = 16.0;
				LD_RUNPATH_SEARCH_PATHS = (
					"$(inherited)",
					"@executable_path/Frameworks",
				);
				MARKETING_VERSION = 1.0.0;
				PRODUCT_BUNDLE_IDENTIFIER = com.chdtyzhy.calculatorPro.pro;
				PRODUCT_NAME = "$(TARGET_NAME)";
				PROVISIONING_PROFILE_SPECIFIER = "";
				SUPPORTED_PLATFORMS = "iphoneos iphonesimulator";
				SUPPORTS_MACCATALYST = NO;
				SUPPORTS_MAC_DESIGNED_FOR_IPHONE_IPAD = NO;
				SUPPORTS_XR_DESIGNED_FOR_IPHONE_IPAD = NO;
				SWIFT_EMIT_LOC_STRINGS = YES;
				SWIFT_VERSION = 5.0;
				TARGETED_DEVICE_FAMILY = 1;
			};
			name = Release;
		};
		AA1000800000000000000001 /* Debug */ = {
			isa = XCBuildConfiguration;
			buildSettings = {
				BUNDLE_LOADER = "$(TEST_HOST)";
				CODE_SIGN_STYLE = Automatic;
				GENERATE_INFOPLIST_FILE = YES;
				IPHONEOS_DEPLOYMENT_TARGET = 16.0;
				LD_RUNPATH_SEARCH_PATHS = (
					"$(inherited)",
					"@executable_path/Frameworks",
					"@loader_path/Frameworks",
				);
				PRODUCT_BUNDLE_IDENTIFIER = com.chdtyzhy.calculatorPro.proTests;
				PRODUCT_NAME = "$(TARGET_NAME)";
				SWIFT_VERSION = 5.0;
				TARGETED_DEVICE_FAMILY = 1;
				TEST_HOST = "$(BUILT_PRODUCTS_DIR)/CalculatorPro.app/$(BUNDLE_EXECUTABLE_FOLDER_PATH)/CalculatorPro";
				TEST_TARGET_NAME = CalculatorPro;
			};
			name = Debug;
		};
		AA1000810000000000000001 /* Release */ = {
			isa = XCBuildConfiguration;
			buildSettings = {
				BUNDLE_LOADER = "$(TEST_HOST)";
				CODE_SIGN_STYLE = Automatic;
				GENERATE_INFOPLIST_FILE = YES;
				IPHONEOS_DEPLOYMENT_TARGET = 16.0;
				LD_RUNPATH_SEARCH_PATHS = (
					"$(inherited)",
					"@executable_path/Frameworks",
					"@loader_path/Frameworks",
				);
				PRODUCT_BUNDLE_IDENTIFIER = com.chdtyzhy.calculatorPro.proTests;
				PRODUCT_NAME = "$(TARGET_NAME)";
				SWIFT_VERSION = 5.0;
				TARGETED_DEVICE_FAMILY = 1;
				TEST_HOST = "$(BUILT_PRODUCTS_DIR)/CalculatorPro.app/$(BUNDLE_EXECUTABLE_FOLDER_PATH)/CalculatorPro";
				TEST_TARGET_NAME = CalculatorPro;
			};
			name = Release;
		};
		AA2000800000000000000001 /* Debug */ = {
			isa = XCBuildConfiguration;
			buildSettings = {
				CODE_SIGN_STYLE = Automatic;
				GENERATE_INFOPLIST_FILE = YES;
				IPHONEOS_DEPLOYMENT_TARGET = 16.0;
				LD_RUNPATH_SEARCH_PATHS = (
					"$(inherited)",
					"@executable_path/Frameworks",
					"@loader_path/Frameworks",
				);
				MARKETING_VERSION = 1.0.0;
				PRODUCT_BUNDLE_IDENTIFIER = com.chdtyzhy.calculatorPro.proUITests;
				PRODUCT_NAME = "$(TARGET_NAME)";
				SWIFT_EMIT_LOC_STRINGS = NO;
				SWIFT_VERSION = 5.0;
				TARGETED_DEVICE_FAMILY = 1;
				TEST_TARGET_NAME = CalculatorPro;
			};
			name = Debug;
		};
		AA2000810000000000000001 /* Release */ = {
			isa = XCBuildConfiguration;
			buildSettings = {
				CODE_SIGN_STYLE = Automatic;
				GENERATE_INFOPLIST_FILE = YES;
				IPHONEOS_DEPLOYMENT_TARGET = 16.0;
				LD_RUNPATH_SEARCH_PATHS = (
					"$(inherited)",
					"@executable_path/Frameworks",
					"@loader_path/Frameworks",
				);
				MARKETING_VERSION = 1.0.0;
				PRODUCT_BUNDLE_IDENTIFIER = com.chdtyzhy.calculatorPro.proUITests;
				PRODUCT_NAME = "$(TARGET_NAME)";
				SWIFT_EMIT_LOC_STRINGS = NO;
				SWIFT_VERSION = 5.0;
				TARGETED_DEVICE_FAMILY = 1;
				TEST_TARGET_NAME = CalculatorPro;
			};
			name = Release;
		};
/* End XCBuildConfiguration section */

/* Begin XCConfigurationList section */
		AA0000510000000000000001 /* Build configuration list for PBXNativeTarget "CalculatorPro" */ = {
			isa = XCConfigurationList;
			buildConfigurations = (
				AA0000800000000000000001 /* Debug */,
				AA0000810000000000000001 /* Release */,
			);
			defaultConfigurationIsVisible = 0;
			defaultConfigurationName = Release;
		};
		AA0000610000000000000001 /* Build configuration list for PBXProject "CalculatorPro" */ = {
			isa = XCConfigurationList;
			buildConfigurations = (
				AA0000700000000000000001 /* Debug */,
				AA0000710000000000000001 /* Release */,
			);
			defaultConfigurationIsVisible = 0;
			defaultConfigurationName = Release;
		};
		AA1000510000000000000001 /* Build configuration list for PBXNativeTarget "CalculatorProTests" */ = {
			isa = XCConfigurationList;
			buildConfigurations = (
				AA1000800000000000000001 /* Debug */,
				AA1000810000000000000001 /* Release */,
			);
			defaultConfigurationIsVisible = 0;
			defaultConfigurationName = Release;
		};
		AA2000510000000000000001 /* Build configuration list for PBXNativeTarget "CalculatorProUITests" */ = {
			isa = XCConfigurationList;
			buildConfigurations = (
				AA2000800000000000000001 /* Debug */,
				AA2000810000000000000001 /* Release */,
			);
			defaultConfigurationIsVisible = 0;
			defaultConfigurationName = Release;
		};
/* End XCConfigurationList section */
	};
	rootObject = AA0000600000000000000001 /* Project object */;
}
